// !$*UTF8*$!
{
	archiveVersion = 1;
	classes = {
	};
	objectVersion = 51;
	objects = {

/* Begin PBXBuildFile section */
		720ACD88246F64080013F74F /* bowser.gif in Resources */ = {isa = PBXBuildFile; fileRef = 720ACD7F246F64080013F74F /* bowser.gif */; };
		720ACD89246F64080013F74F /* koopatroopa.gif in Resources */ = {isa = PBXBuildFile; fileRef = 720ACD80246F64080013F74F /* koopatroopa.gif */; };
		720ACD8A246F64080013F74F /* donkeykong.gif in Resources */ = {isa = PBXBuildFile; fileRef = 720ACD81246F64080013F74F /* donkeykong.gif */; };
		720ACD8B246F64080013F74F /* princesstoadstool.gif in Resources */ = {isa = PBXBuildFile; fileRef = 720ACD82246F64080013F74F /* princesstoadstool.gif */; };
		720ACD8C246F64080013F74F /* toad.gif in Resources */ = {isa = PBXBuildFile; fileRef = 720ACD83246F64080013F74F /* toad.gif */; };
		720ACD8D246F64080013F74F /* luigi.gif in Resources */ = {isa = PBXBuildFile; fileRef = 720ACD84246F64080013F74F /* luigi.gif */; };
		720ACD8E246F64080013F74F /* yoshi.gif in Resources */ = {isa = PBXBuildFile; fileRef = 720ACD85246F64080013F74F /* yoshi.gif */; };
		720ACD8F246F64080013F74F /* lakitu.gif in Resources */ = {isa = PBXBuildFile; fileRef = 720ACD86246F64080013F74F /* lakitu.gif */; };
		720ACD90246F64080013F74F /* mario.gif in Resources */ = {isa = PBXBuildFile; fileRef = 720ACD87246F64080013F74F /* mario.gif */; };
		7260024C246E960C00D47B17 /* Constant.swift in Sources */ = {isa = PBXBuildFile; fileRef = 7260024B246E960C00D47B17 /* Constant.swift */; };
		72D62750246DF09F0041EA2C /* AppDelegate.swift in Sources */ = {isa = PBXBuildFile; fileRef = 72D6274F246DF09F0041EA2C /* AppDelegate.swift */; };
		72D62752246DF09F0041EA2C /* SceneDelegate.swift in Sources */ = {isa = PBXBuildFile; fileRef = 72D62751246DF09F0041EA2C /* SceneDelegate.swift */; };
		72D62754246DF09F0041EA2C /* ViewController.swift in Sources */ = {isa = PBXBuildFile; fileRef = 72D62753246DF09F0041EA2C /* ViewController.swift */; };
		72D62759246DF0A00041EA2C /* Assets.xcassets in Resources */ = {isa = PBXBuildFile; fileRef = 72D62758246DF0A00041EA2C /* Assets.xcassets */; };
		72D62767246DF14C0041EA2C /* LaunchScreen.storyboard in Resources */ = {isa = PBXBuildFile; fileRef = 72D62766246DF14C0041EA2C /* LaunchScreen.storyboard */; };
		72D62769246DF17D0041EA2C /* Main.storyboard in Resources */ = {isa = PBXBuildFile; fileRef = 72D62768246DF17D0041EA2C /* Main.storyboard */; };
		9B3FEC5129E05275B7CA3A2B /* Pods_MK.framework in Frameworks */ = {isa = PBXBuildFile; fileRef = A19E1578E45959554431A002 /* Pods_MK.framework */; };
/* End PBXBuildFile section */

/* Begin PBXFileReference section */
		069B12964E40C3FC647661EB /* Pods-MK.release.xcconfig */ = {isa = PBXFileReference; includeInIndex = 1; lastKnownFileType = text.xcconfig; name = "Pods-MK.release.xcconfig"; path = "Target Support Files/Pods-MK/Pods-MK.release.xcconfig"; sourceTree = "<group>"; };
		25D210E7F1DB6FE180205490 /* Pods-MK.debug.xcconfig */ = {isa = PBXFileReference; includeInIndex = 1; lastKnownFileType = text.xcconfig; name = "Pods-MK.debug.xcconfig"; path = "Target Support Files/Pods-MK/Pods-MK.debug.xcconfig"; sourceTree = "<group>"; };
		720ACD7F246F64080013F74F /* bowser.gif */ = {isa = PBXFileReference; lastKnownFileType = image.gif; path = bowser.gif; sourceTree = "<group>"; };
		720ACD80246F64080013F74F /* koopatroopa.gif */ = {isa = PBXFileReference; lastKnownFileType = image.gif; path = koopatroopa.gif; sourceTree = "<group>"; };
		720ACD81246F64080013F74F /* donkeykong.gif */ = {isa = PBXFileReference; lastKnownFileType = image.gif; path = donkeykong.gif; sourceTree = "<group>"; };
		720ACD82246F64080013F74F /* princesstoadstool.gif */ = {isa = PBXFileReference; lastKnownFileType = image.gif; path = princesstoadstool.gif; sourceTree = "<group>"; };
		720ACD83246F64080013F74F /* toad.gif */ = {isa = PBXFileReference; lastKnownFileType = image.gif; path = toad.gif; sourceTree = "<group>"; };
		720ACD84246F64080013F74F /* luigi.gif */ = {isa = PBXFileReference; lastKnownFileType = image.gif; path = luigi.gif; sourceTree = "<group>"; };
		720ACD85246F64080013F74F /* yoshi.gif */ = {isa = PBXFileReference; lastKnownFileType = image.gif; path = yoshi.gif; sourceTree = "<group>"; };
		720ACD86246F64080013F74F /* lakitu.gif */ = {isa = PBXFileReference; lastKnownFileType = image.gif; path = lakitu.gif; sourceTree = "<group>"; };
		720ACD87246F64080013F74F /* mario.gif */ = {isa = PBXFileReference; lastKnownFileType = image.gif; path = mario.gif; sourceTree = "<group>"; };
		7260024B246E960C00D47B17 /* Constant.swift */ = {isa = PBXFileReference; lastKnownFileType = sourcecode.swift; path = Constant.swift; sourceTree = "<group>"; };
		72D6274C246DF09F0041EA2C /* MK.app */ = {isa = PBXFileReference; explicitFileType = wrapper.application; includeInIndex = 0; path = MK.app; sourceTree = BUILT_PRODUCTS_DIR; };
		72D6274F246DF09F0041EA2C /* AppDelegate.swift */ = {isa = PBXFileReference; lastKnownFileType = sourcecode.swift; path = AppDelegate.swift; sourceTree = "<group>"; };
		72D62751246DF09F0041EA2C /* SceneDelegate.swift */ = {isa = PBXFileReference; lastKnownFileType = sourcecode.swift; path = SceneDelegate.swift; sourceTree = "<group>"; };
		72D62753246DF09F0041EA2C /* ViewController.swift */ = {isa = PBXFileReference; lastKnownFileType = sourcecode.swift; path = ViewController.swift; sourceTree = "<group>"; };
		72D62758246DF0A00041EA2C /* Assets.xcassets */ = {isa = PBXFileReference; lastKnownFileType = folder.assetcatalog; path = Assets.xcassets; sourceTree = "<group>"; };
		72D6275D246DF0A00041EA2C /* Info.plist */ = {isa = PBXFileReference; lastKnownFileType = text.plist.xml; path = Info.plist; sourceTree = "<group>"; };
		72D62766246DF14C0041EA2C /* LaunchScreen.storyboard */ = {isa = PBXFileReference; lastKnownFileType = file.storyboard; path = LaunchScreen.storyboard; sourceTree = "<group>"; };
		72D62768246DF17D0041EA2C /* Main.storyboard */ = {isa = PBXFileReference; lastKnownFileType = file.storyboard; path = Main.storyboard; sourceTree = "<group>"; };
		A19E1578E45959554431A002 /* Pods_MK.framework */ = {isa = PBXFileReference; explicitFileType = wrapper.framework; includeInIndex = 0; path = Pods_MK.framework; sourceTree = BUILT_PRODUCTS_DIR; };
/* End PBXFileReference section */

/* Begin PBXFrameworksBuildPhase section */
		72D62749246DF09F0041EA2C /* Frameworks */ = {
			isa = PBXFrameworksBuildPhase;
			buildActionMask = 2147483647;
			files = (
				9B3FEC5129E05275B7CA3A2B /* Pods_MK.framework in Frameworks */,
			);
			runOnlyForDeploymentPostprocessing = 0;
		};
/* End PBXFrameworksBuildPhase section */

/* Begin PBXGroup section */
		7260024A246E960500D47B17 /* Model */ = {
			isa = PBXGroup;
			children = (
				7260024B246E960C00D47B17 /* Constant.swift */,
			);
			path = Model;
			sourceTree = "<group>";
		};
		72D62743246DF09F0041EA2C = {
			isa = PBXGroup;
			children = (
				72D6274E246DF09F0041EA2C /* MK */,
				72D6274D246DF09F0041EA2C /* Products */,
				C854D4A31F6E4EA8EF5949AF /* Pods */,
				E060460F45D20C520837DE93 /* Frameworks */,
			);
			sourceTree = "<group>";
		};
		72D6274D246DF09F0041EA2C /* Products */ = {
			isa = PBXGroup;
			children = (
				72D6274C246DF09F0041EA2C /* MK.app */,
			);
			name = Products;
			sourceTree = "<group>";
		};
		72D6274E246DF09F0041EA2C /* MK */ = {
			isa = PBXGroup;
			children = (
				7260024A246E960500D47B17 /* Model */,
				72D62764246DF0FB0041EA2C /* Controller */,
				72D62765246DF1090041EA2C /* Supporting Files */,
				72D62763246DF0F00041EA2C /* View */,
			);
			path = MK;
			sourceTree = "<group>";
		};
		72D62763246DF0F00041EA2C /* View */ = {
			isa = PBXGroup;
			children = (
				72D6276B246DF32C0041EA2C /* Animated GIFs */,
				72D62758246DF0A00041EA2C /* Assets.xcassets */,
				72D62766246DF14C0041EA2C /* LaunchScreen.storyboard */,
				72D62768246DF17D0041EA2C /* Main.storyboard */,
			);
			path = View;
			sourceTree = "<group>";
		};
		72D62764246DF0FB0041EA2C /* Controller */ = {
			isa = PBXGroup;
			children = (
				72D6274F246DF09F0041EA2C /* AppDelegate.swift */,
				72D62751246DF09F0041EA2C /* SceneDelegate.swift */,
				72D62753246DF09F0041EA2C /* ViewController.swift */,
			);
			path = Controller;
			sourceTree = "<group>";
		};
		72D62765246DF1090041EA2C /* Supporting Files */ = {
			isa = PBXGroup;
			children = (
				72D6275D246DF0A00041EA2C /* Info.plist */,
			);
			path = "Supporting Files";
			sourceTree = "<group>";
		};
		72D6276B246DF32C0041EA2C /* Animated GIFs */ = {
			isa = PBXGroup;
			children = (
				720ACD7F246F64080013F74F /* bowser.gif */,
				720ACD81246F64080013F74F /* donkeykong.gif */,
				720ACD80246F64080013F74F /* koopatroopa.gif */,
				720ACD86246F64080013F74F /* lakitu.gif */,
				720ACD84246F64080013F74F /* luigi.gif */,
				720ACD87246F64080013F74F /* mario.gif */,
				720ACD82246F64080013F74F /* princesstoadstool.gif */,
				720ACD83246F64080013F74F /* toad.gif */,
				720ACD85246F64080013F74F /* yoshi.gif */,
			);
			path = "Animated GIFs";
			sourceTree = "<group>";
		};
		C854D4A31F6E4EA8EF5949AF /* Pods */ = {
			isa = PBXGroup;
			children = (
				25D210E7F1DB6FE180205490 /* Pods-MK.debug.xcconfig */,
				069B12964E40C3FC647661EB /* Pods-MK.release.xcconfig */,
			);
			path = Pods;
			sourceTree = "<group>";
		};
		E060460F45D20C520837DE93 /* Frameworks */ = {
			isa = PBXGroup;
			children = (
				A19E1578E45959554431A002 /* Pods_MK.framework */,
			);
			name = Frameworks;
			sourceTree = "<group>";
		};
/* End PBXGroup section */

/* Begin PBXNativeTarget section */
		72D6274B246DF09F0041EA2C /* MK */ = {
			isa = PBXNativeTarget;
			buildConfigurationList = 72D62760246DF0A00041EA2C /* Build configuration list for PBXNativeTarget "MK" */;
			buildPhases = (
				A32490C7EC85A65C2EC7DC02 /* [CP] Check Pods Manifest.lock */,
				72D62748246DF09F0041EA2C /* Sources */,
				72D62749246DF09F0041EA2C /* Frameworks */,
				72D6274A246DF09F0041EA2C /* Resources */,
				72D6276A246DF1F40041EA2C /* ShellScript */,
				812242D54B9EDC44E92254E4 /* [CP] Embed Pods Frameworks */,
			);
			buildRules = (
			);
			dependencies = (
			);
			name = MK;
			productName = MK;
			productReference = 72D6274C246DF09F0041EA2C /* MK.app */;
			productType = "com.apple.product-type.application";
		};
/* End PBXNativeTarget section */

/* Begin PBXProject section */
		72D62744246DF09F0041EA2C /* Project object */ = {
			isa = PBXProject;
			attributes = {
				LastSwiftUpdateCheck = 1140;
				LastUpgradeCheck = 1140;
				ORGANIZATIONNAME = "Philip Yu";
				TargetAttributes = {
					72D6274B246DF09F0041EA2C = {
						CreatedOnToolsVersion = 11.4.1;
					};
				};
			};
			buildConfigurationList = 72D62747246DF09F0041EA2C /* Build configuration list for PBXProject "MK" */;
			compatibilityVersion = "Xcode 9.3";
			developmentRegion = en;
			hasScannedForEncodings = 0;
			knownRegions = (
				en,
				Base,
			);
			mainGroup = 72D62743246DF09F0041EA2C;
			productRefGroup = 72D6274D246DF09F0041EA2C /* Products */;
			projectDirPath = "";
			projectRoot = "";
			targets = (
				72D6274B246DF09F0041EA2C /* MK */,
			);
		};
/* End PBXProject section */

/* Begin PBXResourcesBuildPhase section */
		72D6274A246DF09F0041EA2C /* Resources */ = {
			isa = PBXResourcesBuildPhase;
			buildActionMask = 2147483647;
			files = (
				720ACD8B246F64080013F74F /* princesstoadstool.gif in Resources */,
				720ACD88246F64080013F74F /* bowser.gif in Resources */,
				72D62769246DF17D0041EA2C /* Main.storyboard in Resources */,
				72D62767246DF14C0041EA2C /* LaunchScreen.storyboard in Resources */,
				720ACD8D246F64080013F74F /* luigi.gif in Resources */,
				720ACD8C246F64080013F74F /* toad.gif in Resources */,
				72D62759246DF0A00041EA2C /* Assets.xcassets in Resources */,
				720ACD8F246F64080013F74F /* lakitu.gif in Resources */,
				720ACD89246F64080013F74F /* koopatroopa.gif in Resources */,
				720ACD90246F64080013F74F /* mario.gif in Resources */,
				720ACD8A246F64080013F74F /* donkeykong.gif in Resources */,
				720ACD8E246F64080013F74F /* yoshi.gif in Resources */,
			);
			runOnlyForDeploymentPostprocessing = 0;
		};
/* End PBXResourcesBuildPhase section */

/* Begin PBXShellScriptBuildPhase section */
		72D6276A246DF1F40041EA2C /* ShellScript */ = {
			isa = PBXShellScriptBuildPhase;
			buildActionMask = 2147483647;
			files = (
			);
			inputFileListPaths = (
			);
			inputPaths = (
			);
			outputFileListPaths = (
			);
			outputPaths = (
			);
			runOnlyForDeploymentPostprocessing = 0;
			shellPath = /bin/sh;
			shellScript = "if which swiftlint >/dev/null; then\n  swiftlint\nelse\n  echo \"warning: SwiftLint not installed, download from https://github.com/realm/SwiftLint\"\nfi\n";
		};
		812242D54B9EDC44E92254E4 /* [CP] Embed Pods Frameworks */ = {
			isa = PBXShellScriptBuildPhase;
			buildActionMask = 2147483647;
			files = (
			);
			inputFileListPaths = (
				"${PODS_ROOT}/Target Support Files/Pods-MK/Pods-MK-frameworks-${CONFIGURATION}-input-files.xcfilelist",
			);
			name = "[CP] Embed Pods Frameworks";
			outputFileListPaths = (
				"${PODS_ROOT}/Target Support Files/Pods-MK/Pods-MK-frameworks-${CONFIGURATION}-output-files.xcfilelist",
			);
			runOnlyForDeploymentPostprocessing = 0;
			shellPath = /bin/sh;
			shellScript = "\"${PODS_ROOT}/Target Support Files/Pods-MK/Pods-MK-frameworks.sh\"\n";
			showEnvVarsInLog = 0;
		};
		A32490C7EC85A65C2EC7DC02 /* [CP] Check Pods Manifest.lock */ = {
			isa = PBXShellScriptBuildPhase;
			buildActionMask = 2147483647;
			files = (
			);
			inputFileListPaths = (
			);
			inputPaths = (
				"${PODS_PODFILE_DIR_PATH}/Podfile.lock",
				"${PODS_ROOT}/Manifest.lock",
			);
			name = "[CP] Check Pods Manifest.lock";
			outputFileListPaths = (
			);
			outputPaths = (
				"$(DERIVED_FILE_DIR)/Pods-MK-checkManifestLockResult.txt",
			);
			runOnlyForDeploymentPostprocessing = 0;
			shellPath = /bin/sh;
			shellScript = "diff \"${PODS_PODFILE_DIR_PATH}/Podfile.lock\" \"${PODS_ROOT}/Manifest.lock\" > /dev/null\nif [ $? != 0 ] ; then\n    # print error to STDERR\n    echo \"error: The sandbox is not in sync with the Podfile.lock. Run 'pod install' or update your CocoaPods installation.\" >&2\n    exit 1\nfi\n# This output is used by Xcode 'outputs' to avoid re-running this script phase.\necho \"SUCCESS\" > \"${SCRIPT_OUTPUT_FILE_0}\"\n";
			showEnvVarsInLog = 0;
		};
/* End PBXShellScriptBuildPhase section */

/* Begin PBXSourcesBuildPhase section */
		72D62748246DF09F0041EA2C /* Sources */ = {
			isa = PBXSourcesBuildPhase;
			buildActionMask = 2147483647;
			files = (
				72D62754246DF09F0041EA2C /* ViewController.swift in Sources */,
				72D62750246DF09F0041EA2C /* AppDelegate.swift in Sources */,
				72D62752246DF09F0041EA2C /* SceneDelegate.swift in Sources */,
				7260024C246E960C00D47B17 /* Constant.swift in Sources */,
			);
			runOnlyForDeploymentPostprocessing = 0;
		};
/* End PBXSourcesBuildPhase section */

/* Begin XCBuildConfiguration section */
		72D6275E246DF0A00041EA2C /* Debug */ = {
			isa = XCBuildConfiguration;
			buildSettings = {
				ALWAYS_SEARCH_USER_PATHS = NO;
				CLANG_ANALYZER_NONNULL = YES;
				CLANG_ANALYZER_NUMBER_OBJECT_CONVERSION = YES_AGGRESSIVE;
				CLANG_CXX_LANGUAGE_STANDARD = "gnu++14";
				CLANG_CXX_LIBRARY = "libc++";
				CLANG_ENABLE_MODULES = YES;
				CLANG_ENABLE_OBJC_ARC = YES;
				CLANG_ENABLE_OBJC_WEAK = YES;
				CLANG_WARN_BLOCK_CAPTURE_AUTORELEASING = YES;
				CLANG_WARN_BOOL_CONVERSION = YES;
				CLANG_WARN_COMMA = YES;
				CLANG_WARN_CONSTANT_CONVERSION = YES;
				CLANG_WARN_DEPRECATED_OBJC_IMPLEMENTATIONS = YES;
				CLANG_WARN_DIRECT_OBJC_ISA_USAGE = YES_ERROR;
				CLANG_WARN_DOCUMENTATION_COMMENTS = YES;
				CLANG_WARN_EMPTY_BODY = YES;
				CLANG_WARN_ENUM_CONVERSION = YES;
				CLANG_WARN_INFINITE_RECURSION = YES;
				CLANG_WARN_INT_CONVERSION = YES;
				CLANG_WARN_NON_LITERAL_NULL_CONVERSION = YES;
				CLANG_WARN_OBJC_IMPLICIT_RETAIN_SELF = YES;
				CLANG_WARN_OBJC_LITERAL_CONVERSION = YES;
				CLANG_WARN_OBJC_ROOT_CLASS = YES_ERROR;
				CLANG_WARN_RANGE_LOOP_ANALYSIS = YES;
				CLANG_WARN_STRICT_PROTOTYPES = YES;
				CLANG_WARN_SUSPICIOUS_MOVE = YES;
				CLANG_WARN_UNGUARDED_AVAILABILITY = YES_AGGRESSIVE;
				CLANG_WARN_UNREACHABLE_CODE = YES;
				CLANG_WARN__DUPLICATE_METHOD_MATCH = YES;
				COPY_PHASE_STRIP = NO;
				DEBUG_INFORMATION_FORMAT = dwarf;
				ENABLE_STRICT_OBJC_MSGSEND = YES;
				ENABLE_TESTABILITY = YES;
				GCC_C_LANGUAGE_STANDARD = gnu11;
				GCC_DYNAMIC_NO_PIC = NO;
				GCC_NO_COMMON_BLOCKS = YES;
				GCC_OPTIMIZATION_LEVEL = 0;
				GCC_PREPROCESSOR_DEFINITIONS = (
					"DEBUG=1",
					"$(inherited)",
				);
				GCC_WARN_64_TO_32_BIT_CONVERSION = YES;
				GCC_WARN_ABOUT_RETURN_TYPE = YES_ERROR;
				GCC_WARN_UNDECLARED_SELECTOR = YES;
				GCC_WARN_UNINITIALIZED_AUTOS = YES_AGGRESSIVE;
				GCC_WARN_UNUSED_FUNCTION = YES;
				GCC_WARN_UNUSED_VARIABLE = YES;
				IPHONEOS_DEPLOYMENT_TARGET = 13.0;
				MTL_ENABLE_DEBUG_INFO = INCLUDE_SOURCE;
				MTL_FAST_MATH = YES;
				ONLY_ACTIVE_ARCH = YES;
				SDKROOT = iphoneos;
				SWIFT_ACTIVE_COMPILATION_CONDITIONS = DEBUG;
				SWIFT_OPTIMIZATION_LEVEL = "-Onone";
			};
			name = Debug;
		};
		72D6275F246DF0A00041EA2C /* Release */ = {
			isa = XCBuildConfiguration;
			buildSettings = {
				ALWAYS_SEARCH_USER_PATHS = NO;
				CLANG_ANALYZER_NONNULL = YES;
				CLANG_ANALYZER_NUMBER_OBJECT_CONVERSION = YES_AGGRESSIVE;
				CLANG_CXX_LANGUAGE_STANDARD = "gnu++14";
				CLANG_CXX_LIBRARY = "libc++";
				CLANG_ENABLE_MODULES = YES;
				CLANG_ENABLE_OBJC_ARC = YES;
				CLANG_ENABLE_OBJC_WEAK = YES;
				CLANG_WARN_BLOCK_CAPTURE_AUTORELEASING = YES;
				CLANG_WARN_BOOL_CONVERSION = YES;
				CLANG_WARN_COMMA = YES;
				CLANG_WARN_CONSTANT_CONVERSION = YES;
				CLANG_WARN_DEPRECATED_OBJC_IMPLEMENTATIONS = YES;
				CLANG_WARN_DIRECT_OBJC_ISA_USAGE = YES_ERROR;
				CLANG_WARN_DOCUMENTATION_COMMENTS = YES;
				CLANG_WARN_EMPTY_BODY = YES;
				CLANG_WARN_ENUM_CONVERSION = YES;
				CLANG_WARN_INFINITE_RECURSION = YES;
				CLANG_WARN_INT_CONVERSION = YES;
				CLANG_WARN_NON_LITERAL_NULL_CONVERSION = YES;
				CLANG_WARN_OBJC_IMPLICIT_RETAIN_SELF = YES;
				CLANG_WARN_OBJC_LITERAL_CONVERSION = YES;
				CLANG_WARN_OBJC_ROOT_CLASS = YES_ERROR;
				CLANG_WARN_RANGE_LOOP_ANALYSIS = YES;
				CLANG_WARN_STRICT_PROTOTYPES = YES;
				CLANG_WARN_SUSPICIOUS_MOVE = YES;
				CLANG_WARN_UNGUARDED_AVAILABILITY = YES_AGGRESSIVE;
				CLANG_WARN_UNREACHABLE_CODE = YES;
				CLANG_WARN__DUPLICATE_METHOD_MATCH = YES;
				COPY_PHASE_STRIP = NO;
				DEBUG_INFORMATION_FORMAT = "dwarf-with-dsym";
				ENABLE_NS_ASSERTIONS = NO;
				ENABLE_STRICT_OBJC_MSGSEND = YES;
				GCC_C_LANGUAGE_STANDARD = gnu11;
				GCC_NO_COMMON_BLOCKS = YES;
				GCC_WARN_64_TO_32_BIT_CONVERSION = YES;
				GCC_WARN_ABOUT_RETURN_TYPE = YES_ERROR;
				GCC_WARN_UNDECLARED_SELECTOR = YES;
				GCC_WARN_UNINITIALIZED_AUTOS = YES_AGGRESSIVE;
				GCC_WARN_UNUSED_FUNCTION = YES;
				GCC_WARN_UNUSED_VARIABLE = YES;
				IPHONEOS_DEPLOYMENT_TARGET = 13.0;
				MTL_ENABLE_DEBUG_INFO = NO;
				MTL_FAST_MATH = YES;
				SDKROOT = iphoneos;
				SWIFT_COMPILATION_MODE = wholemodule;
				SWIFT_OPTIMIZATION_LEVEL = "-O";
				VALIDATE_PRODUCT = YES;
			};
			name = Release;
		};
		72D62761246DF0A00041EA2C /* Debug */ = {
			isa = XCBuildConfiguration;
			baseConfigurationReference = 25D210E7F1DB6FE180205490 /* Pods-MK.debug.xcconfig */;
			buildSettings = {
				ASSETCATALOG_COMPILER_APPICON_NAME = AppIcon;
				CODE_SIGN_STYLE = Automatic;
				DEVELOPMENT_TEAM = NQGVFCZJ4J;
				INFOPLIST_FILE = "MK/Supporting Files/Info.plist";
				IPHONEOS_DEPLOYMENT_TARGET = 13.0;
				LD_RUNPATH_SEARCH_PATHS = (
					"$(inherited)",
					"@executable_path/Frameworks",
				);
				PRODUCT_BUNDLE_IDENTIFIER = com.yuphilip.MK;
				PRODUCT_NAME = "$(TARGET_NAME)";
				SWIFT_VERSION = 5.0;
				TARGETED_DEVICE_FAMILY = "1,2";
			};
			name = Debug;
		};
		72D62762246DF0A00041EA2C /* Release */ = {
			isa = XCBuildConfiguration;
			baseConfigurationReference = 069B12964E40C3FC647661EB /* Pods-MK.release.xcconfig */;
			buildSettings = {
				ASSETCATALOG_COMPILER_APPICON_NAME = AppIcon;
				CODE_SIGN_STYLE = Automatic;
				DEVELOPMENT_TEAM = NQGVFCZJ4J;
				INFOPLIST_FILE = "MK/Supporting Files/Info.plist";
				IPHONEOS_DEPLOYMENT_TARGET = 13.0;
				LD_RUNPATH_SEARCH_PATHS = (
					"$(inherited)",
					"@executable_path/Frameworks",
				);
				PRODUCT_BUNDLE_IDENTIFIER = com.yuphilip.MK;
				PRODUCT_NAME = "$(TARGET_NAME)";
				SWIFT_VERSION = 5.0;
				TARGETED_DEVICE_FAMILY = "1,2";
			};
			name = Release;
		};
/* End XCBuildConfiguration section */

/* Begin XCConfigurationList section */
		72D62747246DF09F0041EA2C /* Build configuration list for PBXProject "MK" */ = {
			isa = XCConfigurationList;
			buildConfigurations = (
				72D6275E246DF0A00041EA2C /* Debug */,
				72D6275F246DF0A00041EA2C /* Release */,
			);
			defaultConfigurationIsVisible = 0;
			defaultConfigurationName = Release;
		};
		72D62760246DF0A00041EA2C /* Build configuration list for PBXNativeTarget "MK" */ = {
			isa = XCConfigurationList;
			buildConfigurations = (
				72D62761246DF0A00041EA2C /* Debug */,
				72D62762246DF0A00041EA2C /* Release */,
			);
			defaultConfigurationIsVisible = 0;
			defaultConfigurationName = Release;
		};
/* End XCConfigurationList section */
	};
	rootObject = 72D62744246DF09F0041EA2C /* Project object */;
}
